
Microsoft Visual Studio Solution File, Format Version 12.00
# Visual Studio Version 17
VisualStudioVersion = 17.0.31903.59
MinimumVisualStudioVersion = 10.0.40219.1
Project("{FAE04EC0-301F-11D3-BF4B-00C04F79EFBC}") = "KataCheckout", "KataCheckout\KataCheckout.csproj", "{3C8CCD16-072D-4798-BC38-DD876993AE72}"
EndProject
Project("{FAE04EC0-301F-11D3-BF4B-00C04F79EFBC}") = "KataCheckout.Tests", "KataCheckout.Tests\KataCheckout.Tests.csproj", "{9444C072-C27D-47FD-9966-000F9F6082BA}"
EndProject
Global
	GlobalSection(SolutionConfigurationPlatforms) = preSolution
		Debug|Any CPU = Debug|Any CPU
		Release|Any CPU = Release|Any CPU
	EndGlobalSection
	GlobalSection(SolutionProperties) = preSolution
		HideSolutionNode = FALSE
	EndGlobalSection
	GlobalSection(ProjectConfigurationPlatforms) = postSolution
		{3C8CCD16-072D-4798-BC38-DD876993AE72}.Debug|Any CPU.ActiveCfg = Debug|Any CPU
		{3C8CCD16-072D-4798-BC38-DD876993AE72}.Debug|Any CPU.Build.0 = Debug|Any CPU
		{3C8CCD16-072D-4798-BC38-DD876993AE72}.Release|Any CPU.ActiveCfg = Release|Any CPU
		{3C8CCD16-072D-4798-BC38-DD876993AE72}.Release|Any CPU.Build.0 = Release|Any CPU
		{9444C072-C27D-47FD-9966-000F9F6082BA}.Debug|Any CPU.ActiveCfg = Debug|Any CPU
		{9444C072-C27D-47FD-9966-000F9F6082BA}.Debug|Any CPU.Build.0 = Debug|Any CPU
		{9444C072-C27D-47FD-9966-000F9F6082BA}.Release|Any CPU.ActiveCfg = Release|Any CPU
		{9444C072-C27D-47FD-9966-000F9F6082BA}.Release|Any CPU.Build.0 = Release|Any CPU
	EndGlobalSection
EndGlobal
